
Microsoft Visual Studio Solution File, Format Version 12.00
# Visual Studio Version 17
VisualStudioVersion = 17.3.32929.385
MinimumVisualStudioVersion = 10.0.40219.1
Project("{9A19103F-16F7-4668-BE54-9A1E7A4F7556}") = "Assignment_1", "Assignment_1\Assignment_1.csproj", "{2C01D5FF-1BE1-4F3A-9603-EE3B31AB7117}"
EndProject
Project("{9A19103F-16F7-4668-BE54-9A1E7A4F7556}") = "Assignment_2", "Assignment_2\Assignment_2.csproj", "{929B74FE-F438-404F-A459-17CBA22C648F}"
EndProject
Project("{9A19103F-16F7-4668-BE54-9A1E7A4F7556}") = "Assignment_3", "Assignment_3\Assignment_3.csproj", "{ADC510E8-C695-4309-8AFE-CAF0670214A6}"
EndProject
Project("{9A19103F-16F7-4668-BE54-9A1E7A4F7556}") = "Assignment3.2", "Assignment3.2\Assignment3.2.csproj", "{B70C53BD-8AB8-4537-9FE5-09BC32E23744}"
EndProject
Project("{FAE04EC0-301F-11D3-BF4B-00C04F79EFBC}") = "Assignment3.3", "Assignment3.3\Assignment3.3.csproj", "{E93FC1D2-948F-4B20-A021-F0DE73785B4A}"
EndProject
Project("{FAE04EC0-301F-11D3-BF4B-00C04F79EFBC}") = "Assignment_4", "Assignment4\Assignment_4.csproj", "{92E31583-D330-4246-966F-CC05AF7C08CD}"
EndProject
Global
	GlobalSection(SolutionConfigurationPlatforms) = preSolution
		Debug|Any CPU = Debug|Any CPU
		Release|Any CPU = Release|Any CPU
	EndGlobalSection
	GlobalSection(ProjectConfigurationPlatforms) = postSolution
		{2C01D5FF-1BE1-4F3A-9603-EE3B31AB7117}.Debug|Any CPU.ActiveCfg = Debug|Any CPU
		{2C01D5FF-1BE1-4F3A-9603-EE3B31AB7117}.Debug|Any CPU.Build.0 = Debug|Any CPU
		{2C01D5FF-1BE1-4F3A-9603-EE3B31AB7117}.Release|Any CPU.ActiveCfg = Release|Any CPU
		{2C01D5FF-1BE1-4F3A-9603-EE3B31AB7117}.Release|Any CPU.Build.0 = Release|Any CPU
		{929B74FE-F438-404F-A459-17CBA22C648F}.Debug|Any CPU.ActiveCfg = Debug|Any CPU
		{929B74FE-F438-404F-A459-17CBA22C648F}.Debug|Any CPU.Build.0 = Debug|Any CPU
		{929B74FE-F438-404F-A459-17CBA22C648F}.Release|Any CPU.ActiveCfg = Release|Any CPU
		{929B74FE-F438-404F-A459-17CBA22C648F}.Release|Any CPU.Build.0 = Release|Any CPU
		{ADC510E8-C695-4309-8AFE-CAF0670214A6}.Debug|Any CPU.ActiveCfg = Debug|Any CPU
		{ADC510E8-C695-4309-8AFE-CAF0670214A6}.Debug|Any CPU.Build.0 = Debug|Any CPU
		{ADC510E8-C695-4309-8AFE-CAF0670214A6}.Release|Any CPU.ActiveCfg = Release|Any CPU
		{ADC510E8-C695-4309-8AFE-CAF0670214A6}.Release|Any CPU.Build.0 = Release|Any CPU
		{B70C53BD-8AB8-4537-9FE5-09BC32E23744}.Debug|Any CPU.ActiveCfg = Debug|Any CPU
		{B70C53BD-8AB8-4537-9FE5-09BC32E23744}.Debug|Any CPU.Build.0 = Debug|Any CPU
		{B70C53BD-8AB8-4537-9FE5-09BC32E23744}.Release|Any CPU.ActiveCfg = Release|Any CPU
		{B70C53BD-8AB8-4537-9FE5-09BC32E23744}.Release|Any CPU.Build.0 = Release|Any CPU
		{E93FC1D2-948F-4B20-A021-F0DE73785B4A}.Debug|Any CPU.ActiveCfg = Debug|Any CPU
		{E93FC1D2-948F-4B20-A021-F0DE73785B4A}.Debug|Any CPU.Build.0 = Debug|Any CPU
		{E93FC1D2-948F-4B20-A021-F0DE73785B4A}.Release|Any CPU.ActiveCfg = Release|Any CPU
		{E93FC1D2-948F-4B20-A021-F0DE73785B4A}.Release|Any CPU.Build.0 = Release|Any CPU
		{92E31583-D330-4246-966F-CC05AF7C08CD}.Debug|Any CPU.ActiveCfg = Debug|Any CPU
		{92E31583-D330-4246-966F-CC05AF7C08CD}.Debug|Any CPU.Build.0 = Debug|Any CPU
		{92E31583-D330-4246-966F-CC05AF7C08CD}.Release|Any CPU.ActiveCfg = Release|Any CPU
		{92E31583-D330-4246-966F-CC05AF7C08CD}.Release|Any CPU.Build.0 = Release|Any CPU
	EndGlobalSection
	GlobalSection(SolutionProperties) = preSolution
		HideSolutionNode = FALSE
	EndGlobalSection
	GlobalSection(ExtensibilityGlobals) = postSolution
		SolutionGuid = {266C2BC0-D5BD-4385-9443-4F79A816BAE8}
	EndGlobalSection
EndGlobal
